// !$*UTF8*$!
{
	archiveVersion = 1;
	classes = {
	};
	objectVersion = 46;
	objects = {

/* Begin PBXBuildFile section */
		ED96927C1F2DC0C400CD81CF /* AppDelegate.swift in Sources */ = {isa = PBXBuildFile; fileRef = ED96927B1F2DC0C400CD81CF /* AppDelegate.swift */; };
		ED96927E1F2DC0C400CD81CF /* ViewController.swift in Sources */ = {isa = PBXBuildFile; fileRef = ED96927D1F2DC0C400CD81CF /* ViewController.swift */; };
		ED9692811F2DC0C400CD81CF /* Main.storyboard in Resources */ = {isa = PBXBuildFile; fileRef = ED96927F1F2DC0C400CD81CF /* Main.storyboard */; };
		ED9692831F2DC0C400CD81CF /* Assets.xcassets in Resources */ = {isa = PBXBuildFile; fileRef = ED9692821F2DC0C400CD81CF /* Assets.xcassets */; };
		ED9692861F2DC0C400CD81CF /* LaunchScreen.storyboard in Resources */ = {isa = PBXBuildFile; fileRef = ED9692841F2DC0C400CD81CF /* LaunchScreen.storyboard */; };
		ED9692911F2DC0C400CD81CF /* bookonlineTests.swift in Sources */ = {isa = PBXBuildFile; fileRef = ED9692901F2DC0C400CD81CF /* bookonlineTests.swift */; };
		ED96929C1F2DC0C400CD81CF /* bookonlineUITests.swift in Sources */ = {isa = PBXBuildFile; fileRef = ED96929B1F2DC0C400CD81CF /* bookonlineUITests.swift */; };
/* End PBXBuildFile section */

/* Begin PBXContainerItemProxy section */
		ED96928D1F2DC0C400CD81CF /* PBXContainerItemProxy */ = {
			isa = PBXContainerItemProxy;
			containerPortal = ED9692701F2DC0C400CD81CF /* Project object */;
			proxyType = 1;
			remoteGlobalIDString = ED9692771F2DC0C400CD81CF;
			remoteInfo = bookonline;
		};
		ED9692981F2DC0C400CD81CF /* PBXContainerItemProxy */ = {
			isa = PBXContainerItemProxy;
			containerPortal = ED9692701F2DC0C400CD81CF /* Project object */;
			proxyType = 1;
			remoteGlobalIDString = ED9692771F2DC0C400CD81CF;
			remoteInfo = bookonline;
		};
/* End PBXContainerItemProxy section */

/* Begin PBXFileReference section */
		ED9692781F2DC0C400CD81CF /* bookonline.app */ = {isa = PBXFileReference; explicitFileType = wrapper.application; includeInIndex = 0; path = bookonline.app; sourceTree = BUILT_PRODUCTS_DIR; };
		ED96927B1F2DC0C400CD81CF /* AppDelegate.swift */ = {isa = PBXFileReference; lastKnownFileType = sourcecode.swift; path = AppDelegate.swift; sourceTree = "<group>"; };
		ED96927D1F2DC0C400CD81CF /* ViewController.swift */ = {isa = PBXFileReference; lastKnownFileType = sourcecode.swift; path = ViewController.swift; sourceTree = "<group>"; };
		ED9692801F2DC0C400CD81CF /* Base */ = {isa = PBXFileReference; lastKnownFileType = file.storyboard; name = Base; path = Base.lproj/Main.storyboard; sourceTree = "<group>"; };
		ED9692821F2DC0C400CD81CF /* Assets.xcassets */ = {isa = PBXFileReference; lastKnownFileType = folder.assetcatalog; path = Assets.xcassets; sourceTree = "<group>"; };
		ED9692851F2DC0C400CD81CF /* Base */ = {isa = PBXFileReference; lastKnownFileType = file.storyboard; name = Base; path = Base.lproj/LaunchScreen.storyboard; sourceTree = "<group>"; };
		ED9692871F2DC0C400CD81CF /* Info.plist */ = {isa = PBXFileReference; lastKnownFileType = text.plist.xml; path = Info.plist; sourceTree = "<group>"; };
		ED96928C1F2DC0C400CD81CF /* bookonlineTests.xctest */ = {isa = PBXFileReference; explicitFileType = wrapper.cfbundle; includeInIndex = 0; path = bookonlineTests.xctest; sourceTree = BUILT_PRODUCTS_DIR; };
		ED9692901F2DC0C400CD81CF /* bookonlineTests.swift */ = {isa = PBXFileReference; lastKnownFileType = sourcecode.swift; path = bookonlineTests.swift; sourceTree = "<group>"; };
		ED9692921F2DC0C400CD81CF /* Info.plist */ = {isa = PBXFileReference; lastKnownFileType = text.plist.xml; path = Info.plist; sourceTree = "<group>"; };
		ED9692971F2DC0C400CD81CF /* bookonlineUITests.xctest */ = {isa = PBXFileReference; explicitFileType = wrapper.cfbundle; includeInIndex = 0; path = bookonlineUITests.xctest; sourceTree = BUILT_PRODUCTS_DIR; };
		ED96929B1F2DC0C400CD81CF /* bookonlineUITests.swift */ = {isa = PBXFileReference; lastKnownFileType = sourcecode.swift; path = bookonlineUITests.swift; sourceTree = "<group>"; };
		ED96929D1F2DC0C400CD81CF /* Info.plist */ = {isa = PBXFileReference; lastKnownFileType = text.plist.xml; path = Info.plist; sourceTree = "<group>"; };
/* End PBXFileReference section */

/* Begin PBXFrameworksBuildPhase section */
		ED9692751F2DC0C400CD81CF /* Frameworks */ = {
			isa = PBXFrameworksBuildPhase;
			buildActionMask = 2147483647;
			files = (
			);
			runOnlyForDeploymentPostprocessing = 0;
		};
		ED9692891F2DC0C400CD81CF /* Frameworks */ = {
			isa = PBXFrameworksBuildPhase;
			buildActionMask = 2147483647;
			files = (
			);
			runOnlyForDeploymentPostprocessing = 0;
		};
		ED9692941F2DC0C400CD81CF /* Frameworks */ = {
			isa = PBXFrameworksBuildPhase;
			buildActionMask = 2147483647;
			files = (
			);
			runOnlyForDeploymentPostprocessing = 0;
		};
/* End PBXFrameworksBuildPhase section */

/* Begin PBXGroup section */
		ED96926F1F2DC0C400CD81CF = {
			isa = PBXGroup;
			children = (
				ED96927A1F2DC0C400CD81CF /* bookonline */,
				ED96928F1F2DC0C400CD81CF /* bookonlineTests */,
				ED96929A1F2DC0C400CD81CF /* bookonlineUITests */,
				ED9692791F2DC0C400CD81CF /* Products */,
			);
			sourceTree = "<group>";
		};
		ED9692791F2DC0C400CD81CF /* Products */ = {
			isa = PBXGroup;
			children = (
				ED9692781F2DC0C400CD81CF /* bookonline.app */,
				ED96928C1F2DC0C400CD81CF /* bookonlineTests.xctest */,
				ED9692971F2DC0C400CD81CF /* bookonlineUITests.xctest */,
			);
			name = Products;
			sourceTree = "<group>";
		};
		ED96927A1F2DC0C400CD81CF /* bookonline */ = {
			isa = PBXGroup;
			children = (
				ED96927B1F2DC0C400CD81CF /* AppDelegate.swift */,
				ED96927D1F2DC0C400CD81CF /* ViewController.swift */,
				ED96927F1F2DC0C400CD81CF /* Main.storyboard */,
				ED9692821F2DC0C400CD81CF /* Assets.xcassets */,
				ED9692841F2DC0C400CD81CF /* LaunchScreen.storyboard */,
				ED9692871F2DC0C400CD81CF /* Info.plist */,
			);
			path = bookonline;
			sourceTree = "<group>";
		};
		ED96928F1F2DC0C400CD81CF /* bookonlineTests */ = {
			isa = PBXGroup;
			children = (
				ED9692901F2DC0C400CD81CF /* bookonlineTests.swift */,
				ED9692921F2DC0C400CD81CF /* Info.plist */,
			);
			path = bookonlineTests;
			sourceTree = "<group>";
		};
		ED96929A1F2DC0C400CD81CF /* bookonlineUITests */ = {
			isa = PBXGroup;
			children = (
				ED96929B1F2DC0C400CD81CF /* bookonlineUITests.swift */,
				ED96929D1F2DC0C400CD81CF /* Info.plist */,
			);
			path = bookonlineUITests;
			sourceTree = "<group>";
		};
/* End PBXGroup section */

/* Begin PBXNativeTarget section */
		ED9692771F2DC0C400CD81CF /* bookonline */ = {
			isa = PBXNativeTarget;
			buildConfigurationList = ED9692A01F2DC0C400CD81CF /* Build configuration list for PBXNativeTarget "bookonline" */;
			buildPhases = (
				ED9692741F2DC0C400CD81CF /* Sources */,
				ED9692751F2DC0C400CD81CF /* Frameworks */,
				ED9692761F2DC0C400CD81CF /* Resources */,
			);
			buildRules = (
			);
			dependencies = (
			);
			name = bookonline;
			productName = bookonline;
			productReference = ED9692781F2DC0C400CD81CF /* bookonline.app */;
			productType = "com.apple.product-type.application";
		};
		ED96928B1F2DC0C400CD81CF /* bookonlineTests */ = {
			isa = PBXNativeTarget;
			buildConfigurationList = ED9692A31F2DC0C400CD81CF /* Build configuration list for PBXNativeTarget "bookonlineTests" */;
			buildPhases = (
				ED9692881F2DC0C400CD81CF /* Sources */,
				ED9692891F2DC0C400CD81CF /* Frameworks */,
				ED96928A1F2DC0C400CD81CF /* Resources */,
			);
			buildRules = (
			);
			dependencies = (
				ED96928E1F2DC0C400CD81CF /* PBXTargetDependency */,
			);
			name = bookonlineTests;
			productName = bookonlineTests;
			productReference = ED96928C1F2DC0C400CD81CF /* bookonlineTests.xctest */;
			productType = "com.apple.product-type.bundle.unit-test";
		};
		ED9692961F2DC0C400CD81CF /* bookonlineUITests */ = {
			isa = PBXNativeTarget;
			buildConfigurationList = ED9692A61F2DC0C400CD81CF /* Build configuration list for PBXNativeTarget "bookonlineUITests" */;
			buildPhases = (
				ED9692931F2DC0C400CD81CF /* Sources */,
				ED9692941F2DC0C400CD81CF /* Frameworks */,
				ED9692951F2DC0C400CD81CF /* Resources */,
			);
			buildRules = (
			);
			dependencies = (
				ED9692991F2DC0C400CD81CF /* PBXTargetDependency */,
			);
			name = bookonlineUITests;
			productName = bookonlineUITests;
			productReference = ED9692971F2DC0C400CD81CF /* bookonlineUITests.xctest */;
			productType = "com.apple.product-type.bundle.ui-testing";
		};
/* End PBXNativeTarget section */

/* Begin PBXProject section */
		ED9692701F2DC0C400CD81CF /* Project object */ = {
			isa = PBXProject;
			attributes = {
				LastSwiftUpdateCheck = 0830;
				LastUpgradeCheck = 0830;
				ORGANIZATIONNAME = "Moje Shahr";
				TargetAttributes = {
					ED9692771F2DC0C400CD81CF = {
						CreatedOnToolsVersion = 8.3.3;
						ProvisioningStyle = Automatic;
					};
					ED96928B1F2DC0C400CD81CF = {
						CreatedOnToolsVersion = 8.3.3;
						ProvisioningStyle = Automatic;
						TestTargetID = ED9692771F2DC0C400CD81CF;
					};
					ED9692961F2DC0C400CD81CF = {
						CreatedOnToolsVersion = 8.3.3;
						ProvisioningStyle = Automatic;
						TestTargetID = ED9692771F2DC0C400CD81CF;
					};
				};
			};
			buildConfigurationList = ED9692731F2DC0C400CD81CF /* Build configuration list for PBXProject "bookonline" */;
			compatibilityVersion = "Xcode 3.2";
			developmentRegion = English;
			hasScannedForEncodings = 0;
			knownRegions = (
				en,
				Base,
			);
			mainGroup = ED96926F1F2DC0C400CD81CF;
			productRefGroup = ED9692791F2DC0C400CD81CF /* Products */;
			projectDirPath = "";
			projectRoot = "";
			targets = (
				ED9692771F2DC0C400CD81CF /* bookonline */,
				ED96928B1F2DC0C400CD81CF /* bookonlineTests */,
				ED9692961F2DC0C400CD81CF /* bookonlineUITests */,
			);
		};
/* End PBXProject section */

/* Begin PBXResourcesBuildPhase section */
		ED9692761F2DC0C400CD81CF /* Resources */ = {
			isa = PBXResourcesBuildPhase;
			buildActionMask = 2147483647;
			files = (
				ED9692861F2DC0C400CD81CF /* LaunchScreen.storyboard in Resources */,
				ED9692831F2DC0C400CD81CF /* Assets.xcassets in Resources */,
				ED9692811F2DC0C400CD81CF /* Main.storyboard in Resources */,
			);
			runOnlyForDeploymentPostprocessing = 0;
		};
		ED96928A1F2DC0C400CD81CF /* Resources */ = {
			isa = PBXResourcesBuildPhase;
			buildActionMask = 2147483647;
			files = (
			);
			runOnlyForDeploymentPostprocessing = 0;
		};
		ED9692951F2DC0C400CD81CF /* Resources */ = {
			isa = PBXResourcesBuildPhase;
			buildActionMask = 2147483647;
			files = (
			);
			runOnlyForDeploymentPostprocessing = 0;
		};
/* End PBXResourcesBuildPhase section */

/* Begin PBXSourcesBuildPhase section */
		ED9692741F2DC0C400CD81CF /* Sources */ = {
			isa = PBXSourcesBuildPhase;
			buildActionMask = 2147483647;
			files = (
				ED96927E1F2DC0C400CD81CF /* ViewController.swift in Sources */,
				ED96927C1F2DC0C400CD81CF /* AppDelegate.swift in Sources */,
			);
			runOnlyForDeploymentPostprocessing = 0;
		};
		ED9692881F2DC0C400CD81CF /* Sources */ = {
			isa = PBXSourcesBuildPhase;
			buildActionMask = 2147483647;
			files = (
				ED9692911F2DC0C400CD81CF /* bookonlineTests.swift in Sources */,
			);
			runOnlyForDeploymentPostprocessing = 0;
		};
		ED9692931F2DC0C400CD81CF /* Sources */ = {
			isa = PBXSourcesBuildPhase;
			buildActionMask = 2147483647;
			files = (
				ED96929C1F2DC0C400CD81CF /* bookonlineUITests.swift in Sources */,
			);
			runOnlyForDeploymentPostprocessing = 0;
		};
/* End PBXSourcesBuildPhase section */

/* Begin PBXTargetDependency section */
		ED96928E1F2DC0C400CD81CF /* PBXTargetDependency */ = {
			isa = PBXTargetDependency;
			target = ED9692771F2DC0C400CD81CF /* bookonline */;
			targetProxy = ED96928D1F2DC0C400CD81CF /* PBXContainerItemProxy */;
		};
		ED9692991F2DC0C400CD81CF /* PBXTargetDependency */ = {
			isa = PBXTargetDependency;
			target = ED9692771F2DC0C400CD81CF /* bookonline */;
			targetProxy = ED9692981F2DC0C400CD81CF /* PBXContainerItemProxy */;
		};
/* End PBXTargetDependency section */

/* Begin PBXVariantGroup section */
		ED96927F1F2DC0C400CD81CF /* Main.storyboard */ = {
			isa = PBXVariantGroup;
			children = (
				ED9692801F2DC0C400CD81CF /* Base */,
			);
			name = Main.storyboard;
			sourceTree = "<group>";
		};
		ED9692841F2DC0C400CD81CF /* LaunchScreen.storyboard */ = {
			isa = PBXVariantGroup;
			children = (
				ED9692851F2DC0C400CD81CF /* Base */,
			);
			name = LaunchScreen.storyboard;
			sourceTree = "<group>";
		};
/* End PBXVariantGroup section */

/* Begin XCBuildConfiguration section */
		ED96929E1F2DC0C400CD81CF /* Debug */ = {
			isa = XCBuildConfiguration;
			buildSettings = {
				ALWAYS_SEARCH_USER_PATHS = NO;
				CLANG_ANALYZER_NONNULL = YES;
				CLANG_ANALYZER_NUMBER_OBJECT_CONVERSION = YES_AGGRESSIVE;
				CLANG_CXX_LANGUAGE_STANDARD = "gnu++0x";
				CLANG_CXX_LIBRARY = "libc++";
				CLANG_ENABLE_MODULES = YES;
				CLANG_ENABLE_OBJC_ARC = YES;
				CLANG_WARN_BOOL_CONVERSION = YES;
				CLANG_WARN_CONSTANT_CONVERSION = YES;
				CLANG_WARN_DIRECT_OBJC_ISA_USAGE = YES_ERROR;
				CLANG_WARN_DOCUMENTATION_COMMENTS = YES;
				CLANG_WARN_EMPTY_BODY = YES;
				CLANG_WARN_ENUM_CONVERSION = YES;
				CLANG_WARN_INFINITE_RECURSION = YES;
				CLANG_WARN_INT_CONVERSION = YES;
				CLANG_WARN_OBJC_ROOT_CLASS = YES_ERROR;
				CLANG_WARN_SUSPICIOUS_MOVE = YES;
				CLANG_WARN_UNREACHABLE_CODE = YES;
				CLANG_WARN__DUPLICATE_METHOD_MATCH = YES;
				"CODE_SIGN_IDENTITY[sdk=iphoneos*]" = "iPhone Developer";
				COPY_PHASE_STRIP = NO;
				DEBUG_INFORMATION_FORMAT = dwarf;
				ENABLE_STRICT_OBJC_MSGSEND = YES;
				ENABLE_TESTABILITY = YES;
				GCC_C_LANGUAGE_STANDARD = gnu99;
				GCC_DYNAMIC_NO_PIC = NO;
				GCC_NO_COMMON_BLOCKS = YES;
				GCC_OPTIMIZATION_LEVEL = 0;
				GCC_PREPROCESSOR_DEFINITIONS = (
					"DEBUG=1",
					"$(inherited)",
				);
				GCC_WARN_64_TO_32_BIT_CONVERSION = YES;
				GCC_WARN_ABOUT_RETURN_TYPE = YES_ERROR;
				GCC_WARN_UNDECLARED_SELECTOR = YES;
				GCC_WARN_UNINITIALIZED_AUTOS = YES_AGGRESSIVE;
				GCC_WARN_UNUSED_FUNCTION = YES;
				GCC_WARN_UNUSED_VARIABLE = YES;
				IPHONEOS_DEPLOYMENT_TARGET = 10.3;
				MTL_ENABLE_DEBUG_INFO = YES;
				ONLY_ACTIVE_ARCH = YES;
				SDKROOT = iphoneos;
				SWIFT_ACTIVE_COMPILATION_CONDITIONS = DEBUG;
				SWIFT_OPTIMIZATION_LEVEL = "-Onone";
				TARGETED_DEVICE_FAMILY = "1,2";
			};
			name = Debug;
		};
		ED96929F1F2DC0C400CD81CF /* Release */ = {
			isa = XCBuildConfiguration;
			buildSettings = {
				ALWAYS_SEARCH_USER_PATHS = NO;
				CLANG_ANALYZER_NONNULL = YES;
				CLANG_ANALYZER_NUMBER_OBJECT_CONVERSION = YES_AGGRESSIVE;
				CLANG_CXX_LANGUAGE_STANDARD = "gnu++0x";
				CLANG_CXX_LIBRARY = "libc++";
				CLANG_ENABLE_MODULES = YES;
				CLANG_ENABLE_OBJC_ARC = YES;
				CLANG_WARN_BOOL_CONVERSION = YES;
				CLANG_WARN_CONSTANT_CONVERSION = YES;
				CLANG_WARN_DIRECT_OBJC_ISA_USAGE = YES_ERROR;
				CLANG_WARN_DOCUMENTATION_COMMENTS = YES;
				CLANG_WARN_EMPTY_BODY = YES;
				CLANG_WARN_ENUM_CONVERSION = YES;
				CLANG_WARN_INFINITE_RECURSION = YES;
				CLANG_WARN_INT_CONVERSION = YES;
				CLANG_WARN_OBJC_ROOT_CLASS = YES_ERROR;
				CLANG_WARN_SUSPICIOUS_MOVE = YES;
				CLANG_WARN_UNREACHABLE_CODE = YES;
				CLANG_WARN__DUPLICATE_METHOD_MATCH = YES;
				"CODE_SIGN_IDENTITY[sdk=iphoneos*]" = "iPhone Developer";
				COPY_PHASE_STRIP = NO;
				DEBUG_INFORMATION_FORMAT = "dwarf-with-dsym";
				ENABLE_NS_ASSERTIONS = NO;
				ENABLE_STRICT_OBJC_MSGSEND = YES;
				GCC_C_LANGUAGE_STANDARD = gnu99;
				GCC_NO_COMMON_BLOCKS = YES;
				GCC_WARN_64_TO_32_BIT_CONVERSION = YES;
				GCC_WARN_ABOUT_RETURN_TYPE = YES_ERROR;
				GCC_WARN_UNDECLARED_SELECTOR = YES;
				GCC_WARN_UNINITIALIZED_AUTOS = YES_AGGRESSIVE;
				GCC_WARN_UNUSED_FUNCTION = YES;
				GCC_WARN_UNUSED_VARIABLE = YES;
				IPHONEOS_DEPLOYMENT_TARGET = 10.3;
				MTL_ENABLE_DEBUG_INFO = NO;
				SDKROOT = iphoneos;
				SWIFT_OPTIMIZATION_LEVEL = "-Owholemodule";
				TARGETED_DEVICE_FAMILY = "1,2";
				VALIDATE_PRODUCT = YES;
			};
			name = Release;
		};
		ED9692A11F2DC0C400CD81CF /* Debug */ = {
			isa = XCBuildConfiguration;
			buildSettings = {
				ASSETCATALOG_COMPILER_APPICON_NAME = AppIcon;
				INFOPLIST_FILE = bookonline/Info.plist;
				LD_RUNPATH_SEARCH_PATHS = "$(inherited) @executable_path/Frameworks";
				PRODUCT_BUNDLE_IDENTIFIER = "com.payam-resan.com.bookonline";
				PRODUCT_NAME = "$(TARGET_NAME)";
				SWIFT_VERSION = 3.0;
			};
			name = Debug;
		};
		ED9692A21F2DC0C400CD81CF /* Release */ = {
			isa = XCBuildConfiguration;
			buildSettings = {
				ASSETCATALOG_COMPILER_APPICON_NAME = AppIcon;
				INFOPLIST_FILE = bookonline/Info.plist;
				LD_RUNPATH_SEARCH_PATHS = "$(inherited) @executable_path/Frameworks";
				PRODUCT_BUNDLE_IDENTIFIER = "com.payam-resan.com.bookonline";
				PRODUCT_NAME = "$(TARGET_NAME)";
				SWIFT_VERSION = 3.0;
			};
			name = Release;
		};
		ED9692A41F2DC0C400CD81CF /* Debug */ = {
			isa = XCBuildConfiguration;
			buildSettings = {
				ALWAYS_EMBED_SWIFT_STANDARD_LIBRARIES = YES;
				BUNDLE_LOADER = "$(TEST_HOST)";
				INFOPLIST_FILE = bookonlineTests/Info.plist;
				LD_RUNPATH_SEARCH_PATHS = "$(inherited) @executable_path/Frameworks @loader_path/Frameworks";
				PRODUCT_BUNDLE_IDENTIFIER = "com.payam-resan.com.bookonlineTests";
				PRODUCT_NAME = "$(TARGET_NAME)";
				SWIFT_VERSION = 3.0;
				TEST_HOST = "$(BUILT_PRODUCTS_DIR)/bookonline.app/bookonline";
			};
			name = Debug;
		};
		ED9692A51F2DC0C400CD81CF /* Release */ = {
			isa = XCBuildConfiguration;
			buildSettings = {
				ALWAYS_EMBED_SWIFT_STANDARD_LIBRARIES = YES;
				BUNDLE_LOADER = "$(TEST_HOST)";
				INFOPLIST_FILE = bookonlineTests/Info.plist;
				LD_RUNPATH_SEARCH_PATHS = "$(inherited) @executable_path/Frameworks @loader_path/Frameworks";
				PRODUCT_BUNDLE_IDENTIFIER = "com.payam-resan.com.bookonlineTests";
				PRODUCT_NAME = "$(TARGET_NAME)";
				SWIFT_VERSION = 3.0;
				TEST_HOST = "$(BUILT_PRODUCTS_DIR)/bookonline.app/bookonline";
			};
			name = Release;
		};
		ED9692A71F2DC0C400CD81CF /* Debug */ = {
			isa = XCBuildConfiguration;
			buildSettings = {
				ALWAYS_EMBED_SWIFT_STANDARD_LIBRARIES = YES;
				INFOPLIST_FILE = bookonlineUITests/Info.plist;
				LD_RUNPATH_SEARCH_PATHS = "$(inherited) @executable_path/Frameworks @loader_path/Frameworks";
				PRODUCT_BUNDLE_IDENTIFIER = "com.payam-resan.com.bookonlineUITests";
				PRODUCT_NAME = "$(TARGET_NAME)";
				SWIFT_VERSION = 3.0;
				TEST_TARGET_NAME = bookonline;
			};
			name = Debug;
		};
		ED9692A81F2DC0C400CD81CF /* Release */ = {
			isa = XCBuildConfiguration;
			buildSettings = {
				ALWAYS_EMBED_SWIFT_STANDARD_LIBRARIES = YES;
				INFOPLIST_FILE = bookonlineUITests/Info.plist;
				LD_RUNPATH_SEARCH_PATHS = "$(inherited) @executable_path/Frameworks @loader_path/Frameworks";
				PRODUCT_BUNDLE_IDENTIFIER = "com.payam-resan.com.bookonlineUITests";
				PRODUCT_NAME = "$(TARGET_NAME)";
				SWIFT_VERSION = 3.0;
				TEST_TARGET_NAME = bookonline;
			};
			name = Release;
		};
/* End XCBuildConfiguration section */

/* Begin XCConfigurationList section */
		ED9692731F2DC0C400CD81CF /* Build configuration list for PBXProject "bookonline" */ = {
			isa = XCConfigurationList;
			buildConfigurations = (
				ED96929E1F2DC0C400CD81CF /* Debug */,
				ED96929F1F2DC0C400CD81CF /* Release */,
			);
			defaultConfigurationIsVisible = 0;
			defaultConfigurationName = Release;
		};
		ED9692A01F2DC0C400CD81CF /* Build configuration list for PBXNativeTarget "bookonline" */ = {
			isa = XCConfigurationList;
			buildConfigurations = (
				ED9692A11F2DC0C400CD81CF /* Debug */,
				ED9692A21F2DC0C400CD81CF /* Release */,
			);
			defaultConfigurationIsVisible = 0;
		};
		ED9692A31F2DC0C400CD81CF /* Build configuration list for PBXNativeTarget "bookonlineTests" */ = {
			isa = XCConfigurationList;
			buildConfigurations = (
				ED9692A41F2DC0C400CD81CF /* Debug */,
				ED9692A51F2DC0C400CD81CF /* Release */,
			);
			defaultConfigurationIsVisible = 0;
		};
		ED9692A61F2DC0C400CD81CF /* Build configuration list for PBXNativeTarget "bookonlineUITests" */ = {
			isa = XCConfigurationList;
			buildConfigurations = (
				ED9692A71F2DC0C400CD81CF /* Debug */,
				ED9692A81F2DC0C400CD81CF /* Release */,
			);
			defaultConfigurationIsVisible = 0;
		};
/* End XCConfigurationList section */
	};
	rootObject = ED9692701F2DC0C400CD81CF /* Project object */;
}
